{
  "name": "lk-contract",
  "version": "1.0.0",
  "lockfileVersion": 1,
  "requires": true,
  "dependencies": {
    "@types/estree": {
      "version": "0.0.39",
      "resolved": "https://registry.npmjs.org/@types/estree/-/estree-0.0.39.tgz",
      "integrity": "sha512-EYNwp3bU+98cpU4lAWYYL7Zz+2gryWH1qbdDTidVd6hkiR6weksdbMadyXKXNPEkQFhXM+hVO9ZygomHXp+AIw==",
      "dev": true
    },
    "@types/node": {
      "version": "12.0.10",
      "resolved": "https://registry.npmjs.org/@types/node/-/node-12.0.10.tgz",
      "integrity": "sha512-LcsGbPomWsad6wmMNv7nBLw7YYYyfdYcz6xryKYQhx89c3XXan+8Q6AJ43G5XDIaklaVkK3mE4fCb0SBvMiPSQ==",
      "dev": true
    },
    "acorn": {
      "version": "6.1.1",
      "resolved": "https://registry.npmjs.org/acorn/-/acorn-6.1.1.tgz",
      "integrity": "sha512-jPTiwtOxaHNaAPg/dmrJ/beuzLRnXtB0kQPQ8JpotKJgTB6rX6c8mlf315941pyjBSaPg8NHXS9fhP4u17DpGA==",
      "dev": true
    },
    "colors-cli": {
      "version": "1.0.23",
      "resolved": "https://registry.npmjs.org/colors-cli/-/colors-cli-1.0.23.tgz",
      "integrity": "sha512-5hcizaqwqMyz9Rjdup8t/On+/24YX8uXbvGvd18wwrUKgF2q/+aHr701Iu0EqROHmDgJhmIC32MACj/5m/l2vQ==",
      "dev": true
    },
    "esm": {
      "version": "3.2.25",
      "resolved": "https://registry.npmjs.org/esm/-/esm-3.2.25.tgz",
      "integrity": "sha512-U1suiZ2oDVWv4zPO56S0NcR5QriEahGtdN2OR6FiOG4WJvcjBVFB0qI4+eKoWFH483PKGuLuu6V8Z4T5g63UVA==",
      "dev": true
    },
    "lk-test": {
      "version": "2.4.0",
      "resolved": "https://registry.npmjs.org/lk-test/-/lk-test-2.4.0.tgz",
      "integrity": "sha512-4j4K1sm3+4ARkBzzntKh8iia/PGJYvlYt0gPFqxLg85/xBeNPik+1/hrCK/FCOaNvNg7TKqoRE/GO5p8SyWRGQ==",
      "dev": true,
      "requires": {
        "colors-cli": "^1.0.23"
      }
    },
    "rollup": {
      "version": "1.16.2",
      "resolved": "https://registry.npmjs.org/rollup/-/rollup-1.16.2.tgz",
      "integrity": "sha512-UAZxaQvH0klYZdF+90xv9nGb+m4p8jdoaow1VL5/RzDK/gN/4CjvaMmJNcOIv1/+gtzswKhAg/467mzF0sLpAg==",
      "dev": true,
      "requires": {
        "@types/estree": "0.0.39",
        "@types/node": "^12.0.8",
        "acorn": "^6.1.1"
      }
    },
    "rollup-plugin-flow-entry": {
      "version": "0.3.1",
      "resolved": "https://registry.npmjs.org/rollup-plugin-flow-entry/-/rollup-plugin-flow-entry-0.3.1.tgz",
      "integrity": "sha512-CCih1+GDYWm5axQEwmZrMCz0ez7rBgT8QLcnLw0sn2N+MBchRBCTSfNDvtCbOCQGZoxi1jbgaddsYqSMMAuMqA==",
      "dev": true
    }
  }
}
